
Microsoft Visual Studio Solution File, Format Version 12.00
# Visual Studio Version 17
VisualStudioVersion = 17.5.33414.496
MinimumVisualStudioVersion = 10.0.40219.1
Project("{FAE04EC0-301F-11D3-BF4B-00C04F79EFBC}") = "WebApp_Manha", "WebApp_Manha\WebApp_Manha.csproj", "{1B30E4DE-5180-4F17-B737-9BB9FCA28E96}"
EndProject
Global
	GlobalSection(SolutionConfigurationPlatforms) = preSolution
		Debug|Any CPU = Debug|Any CPU
		Release|Any CPU = Release|Any CPU
	EndGlobalSection
	GlobalSection(ProjectConfigurationPlatforms) = postSolution
		{1B30E4DE-5180-4F17-B737-9BB9FCA28E96}.Debug|Any CPU.ActiveCfg = Debug|Any CPU
		{1B30E4DE-5180-4F17-B737-9BB9FCA28E96}.Debug|Any CPU.Build.0 = Debug|Any CPU
		{1B30E4DE-5180-4F17-B737-9BB9FCA28E96}.Release|Any CPU.ActiveCfg = Release|Any CPU
		{1B30E4DE-5180-4F17-B737-9BB9FCA28E96}.Release|Any CPU.Build.0 = Release|Any CPU
	EndGlobalSection
	GlobalSection(SolutionProperties) = preSolution
		HideSolutionNode = FALSE
	EndGlobalSection
	GlobalSection(ExtensibilityGlobals) = postSolution
		SolutionGuid = {8B500E1D-1A19-49B2-A678-9EE3C1F7F349}
	EndGlobalSection
EndGlobal
